dependencies:
  espressif/mdns:
    component_hash: 53b22a3b01d0b61180369a5dab00e271f1e725164b6affbc73af85e80b043658
    dependencies:
    - name: idf
      require: private
      version: '>=5.0'
    source:
      registry_url: https://components.espressif.com/
      type: service
    version: 1.2.0
  idf:
    source:
      type: idf
    version: 5.1.2
direct_dependencies:
- espressif/mdns
- idf
manifest_hash: 09f84ea7c38cb9fccfa7ee4b9bbb35a3a86c4cda80d11926005d4484e899b106
target: esp32c3
version: 2.0.0
